
Microsoft Visual Studio Solution File, Format Version 12.00
# Visual Studio 15
VisualStudioVersion = 15.0.27130.2036
MinimumVisualStudioVersion = 10.0.40219.1
Project("{151D2E53-A2C4-4D7D-83FE-D05416EBD58E}") = "Access2Justice.Deployment", "Access2Justice.Deployment\Access2Justice.Deployment.deployproj", "{5AE6C28C-5DAD-4951-9C0B-6AB3CF08CE08}"
EndProject
Global
	GlobalSection(SolutionConfigurationPlatforms) = preSolution
		Debug|Any CPU = Debug|Any CPU
		Release|Any CPU = Release|Any CPU
	EndGlobalSection
	GlobalSection(ProjectConfigurationPlatforms) = postSolution
		{5AE6C28C-5DAD-4951-9C0B-6AB3CF08CE08}.Debug|Any CPU.ActiveCfg = Debug|Any CPU
		{5AE6C28C-5DAD-4951-9C0B-6AB3CF08CE08}.Debug|Any CPU.Build.0 = Debug|Any CPU
		{5AE6C28C-5DAD-4951-9C0B-6AB3CF08CE08}.Release|Any CPU.ActiveCfg = Release|Any CPU
		{5AE6C28C-5DAD-4951-9C0B-6AB3CF08CE08}.Release|Any CPU.Build.0 = Release|Any CPU
	EndGlobalSection
	GlobalSection(SolutionProperties) = preSolution
		HideSolutionNode = FALSE
	EndGlobalSection
	GlobalSection(ExtensibilityGlobals) = postSolution
		SolutionGuid = {C8422E29-D0E7-4BF0-AB4B-8843EBD8B1E0}
	EndGlobalSection
EndGlobal
