
Microsoft Visual Studio Solution File, Format Version 12.00
# Visual Studio 15
VisualStudioVersion = 15.0.27428.2037
MinimumVisualStudioVersion = 10.0.40219.1
Project("{FAE04EC0-301F-11D3-BF4B-00C04F79EFBC}") = "Access2Justice.DataImportTool", "Access2JusticeCode.DataImportTool\Access2Justice.DataImportTool.csproj", "{A964EB69-8D7E-47B4-8AB9-F43F31DBC8DB}"
EndProject
Project("{9A19103F-16F7-4668-BE54-9A1E7A4F7556}") = "Access2Justice.HTMLContentExtractor", "HTMLContentExtractor\Access2Justice.HTMLContentExtractor.csproj", "{6AF607BA-1B04-458D-8ED0-3A21F627B708}"
EndProject
Project("{FAE04EC0-301F-11D3-BF4B-00C04F79EFBC}") = "Access2Justice.DataFixes", "Access2Justice.DataFixes\Access2Justice.DataFixes.csproj", "{FA73DD3E-E3B8-4326-BF45-FC1BC4392BF6}"
EndProject
Global
	GlobalSection(SolutionConfigurationPlatforms) = preSolution
		Debug|Any CPU = Debug|Any CPU
		Release|Any CPU = Release|Any CPU
	EndGlobalSection
	GlobalSection(ProjectConfigurationPlatforms) = postSolution
		{A964EB69-8D7E-47B4-8AB9-F43F31DBC8DB}.Debug|Any CPU.ActiveCfg = Debug|Any CPU
		{A964EB69-8D7E-47B4-8AB9-F43F31DBC8DB}.Debug|Any CPU.Build.0 = Debug|Any CPU
		{A964EB69-8D7E-47B4-8AB9-F43F31DBC8DB}.Release|Any CPU.ActiveCfg = Release|Any CPU
		{A964EB69-8D7E-47B4-8AB9-F43F31DBC8DB}.Release|Any CPU.Build.0 = Release|Any CPU
		{6AF607BA-1B04-458D-8ED0-3A21F627B708}.Debug|Any CPU.ActiveCfg = Debug|Any CPU
		{6AF607BA-1B04-458D-8ED0-3A21F627B708}.Debug|Any CPU.Build.0 = Debug|Any CPU
		{6AF607BA-1B04-458D-8ED0-3A21F627B708}.Release|Any CPU.ActiveCfg = Release|Any CPU
		{6AF607BA-1B04-458D-8ED0-3A21F627B708}.Release|Any CPU.Build.0 = Release|Any CPU
		{FA73DD3E-E3B8-4326-BF45-FC1BC4392BF6}.Debug|Any CPU.ActiveCfg = Debug|Any CPU
		{FA73DD3E-E3B8-4326-BF45-FC1BC4392BF6}.Debug|Any CPU.Build.0 = Debug|Any CPU
		{FA73DD3E-E3B8-4326-BF45-FC1BC4392BF6}.Release|Any CPU.ActiveCfg = Release|Any CPU
		{FA73DD3E-E3B8-4326-BF45-FC1BC4392BF6}.Release|Any CPU.Build.0 = Release|Any CPU
	EndGlobalSection
	GlobalSection(SolutionProperties) = preSolution
		HideSolutionNode = FALSE
	EndGlobalSection
	GlobalSection(ExtensibilityGlobals) = postSolution
		SolutionGuid = {A84C889D-D702-46C2-B23B-41A1936FA756}
	EndGlobalSection
EndGlobal
