
Microsoft Visual Studio Solution File, Format Version 12.00
# Visual Studio 15
VisualStudioVersion = 15.0.27428.2037
MinimumVisualStudioVersion = 10.0.40219.1
Project("{FAE04EC0-301F-11D3-BF4B-00C04F79EFBC}") = "A2J.Web", "A2J.Web\A2J.Web.csproj", "{CEAD618A-1085-4F37-8AAB-37C7F0C5C598}"
EndProject
Project("{FAE04EC0-301F-11D3-BF4B-00C04F79EFBC}") = "A2J.Api", "A2J.Api\A2J.Api.csproj", "{84CE35AA-FB4F-4FEE-934B-2D2AFEC85066}"
EndProject
Project("{FAE04EC0-301F-11D3-BF4B-00C04F79EFBC}") = "A2J.Common", "A2J.Common\A2J.Common.csproj", "{DFC83EA1-B07A-4CB6-BC07-C31E1A506690}"
EndProject
Project("{FAE04EC0-301F-11D3-BF4B-00C04F79EFBC}") = "A2J.Tests", "A2J.Tests\A2J.Tests.csproj", "{EBE243E7-3D52-4DF3-BFA9-2B80C78E6387}"
EndProject
Global
	GlobalSection(SolutionConfigurationPlatforms) = preSolution
		Debug|Any CPU = Debug|Any CPU
		Release|Any CPU = Release|Any CPU
	EndGlobalSection
	GlobalSection(ProjectConfigurationPlatforms) = postSolution
		{CEAD618A-1085-4F37-8AAB-37C7F0C5C598}.Debug|Any CPU.ActiveCfg = Debug|Any CPU
		{CEAD618A-1085-4F37-8AAB-37C7F0C5C598}.Debug|Any CPU.Build.0 = Debug|Any CPU
		{CEAD618A-1085-4F37-8AAB-37C7F0C5C598}.Release|Any CPU.ActiveCfg = Release|Any CPU
		{CEAD618A-1085-4F37-8AAB-37C7F0C5C598}.Release|Any CPU.Build.0 = Release|Any CPU
		{84CE35AA-FB4F-4FEE-934B-2D2AFEC85066}.Debug|Any CPU.ActiveCfg = Debug|Any CPU
		{84CE35AA-FB4F-4FEE-934B-2D2AFEC85066}.Debug|Any CPU.Build.0 = Debug|Any CPU
		{84CE35AA-FB4F-4FEE-934B-2D2AFEC85066}.Release|Any CPU.ActiveCfg = Release|Any CPU
		{84CE35AA-FB4F-4FEE-934B-2D2AFEC85066}.Release|Any CPU.Build.0 = Release|Any CPU
		{DFC83EA1-B07A-4CB6-BC07-C31E1A506690}.Debug|Any CPU.ActiveCfg = Debug|Any CPU
		{DFC83EA1-B07A-4CB6-BC07-C31E1A506690}.Debug|Any CPU.Build.0 = Debug|Any CPU
		{DFC83EA1-B07A-4CB6-BC07-C31E1A506690}.Release|Any CPU.ActiveCfg = Release|Any CPU
		{DFC83EA1-B07A-4CB6-BC07-C31E1A506690}.Release|Any CPU.Build.0 = Release|Any CPU
		{EBE243E7-3D52-4DF3-BFA9-2B80C78E6387}.Debug|Any CPU.ActiveCfg = Debug|Any CPU
		{EBE243E7-3D52-4DF3-BFA9-2B80C78E6387}.Debug|Any CPU.Build.0 = Debug|Any CPU
		{EBE243E7-3D52-4DF3-BFA9-2B80C78E6387}.Release|Any CPU.ActiveCfg = Release|Any CPU
		{EBE243E7-3D52-4DF3-BFA9-2B80C78E6387}.Release|Any CPU.Build.0 = Release|Any CPU
	EndGlobalSection
	GlobalSection(SolutionProperties) = preSolution
		HideSolutionNode = FALSE
	EndGlobalSection
	GlobalSection(ExtensibilityGlobals) = postSolution
		SolutionGuid = {BA51FBB0-C70A-4F45-87C4-6F2DB00B46C4}
	EndGlobalSection
EndGlobal
