
Microsoft Visual Studio Solution File, Format Version 12.00
# Visual Studio 15
VisualStudioVersion = 15.0.27428.2037
MinimumVisualStudioVersion = 10.0.40219.1
Project("{9A19103F-16F7-4668-BE54-9A1E7A4F7556}") = "Access2Justice.Web", "Access2Justice.Web\Access2Justice.Web.csproj", "{B84AE37A-D5F8-4666-8F4C-8BE1079A87B6}"
EndProject
Project("{9A19103F-16F7-4668-BE54-9A1E7A4F7556}") = "Access2Justice.Api", "Access2Justice.Api\Access2Justice.Api.csproj", "{2E4A3E5A-0995-46CB-9AA4-41D1C4D13413}"
EndProject
Project("{9A19103F-16F7-4668-BE54-9A1E7A4F7556}") = "Access2Justice.Tests", "Access2Justice.Tests\Access2Justice.Tests.csproj", "{B3934597-5AAE-4FB4-8277-52B74AF4A18A}"
EndProject
Project("{9A19103F-16F7-4668-BE54-9A1E7A4F7556}") = "Access2Justice.Shared", "Access2Justice.Shared\Access2Justice.Shared.csproj", "{ACD1CAE7-2EE6-4BE4-BEFF-381D82FF050D}"
EndProject
Project("{9A19103F-16F7-4668-BE54-9A1E7A4F7556}") = "Access2Justice.CosmosDb", "Access2Justice.CosmosDb\Access2Justice.CosmosDb.csproj", "{607CCFB8-008F-4027-B56C-B81F4980E6CA}"
EndProject
Project("{9A19103F-16F7-4668-BE54-9A1E7A4F7556}") = "Access2Justice.CognitiveServices", "Access2Justice.CognitiveServices\Access2Justice.CognitiveServices.csproj", "{FA7CFE43-0466-425D-8745-87418F9DF789}"
EndProject
Global
	GlobalSection(SolutionConfigurationPlatforms) = preSolution
		Debug|Any CPU = Debug|Any CPU
		Release|Any CPU = Release|Any CPU
	EndGlobalSection
	GlobalSection(ProjectConfigurationPlatforms) = postSolution
		{B84AE37A-D5F8-4666-8F4C-8BE1079A87B6}.Debug|Any CPU.ActiveCfg = Debug|Any CPU
		{B84AE37A-D5F8-4666-8F4C-8BE1079A87B6}.Debug|Any CPU.Build.0 = Debug|Any CPU
		{B84AE37A-D5F8-4666-8F4C-8BE1079A87B6}.Release|Any CPU.ActiveCfg = Release|Any CPU
		{B84AE37A-D5F8-4666-8F4C-8BE1079A87B6}.Release|Any CPU.Build.0 = Release|Any CPU
		{2E4A3E5A-0995-46CB-9AA4-41D1C4D13413}.Debug|Any CPU.ActiveCfg = Debug|Any CPU
		{2E4A3E5A-0995-46CB-9AA4-41D1C4D13413}.Debug|Any CPU.Build.0 = Debug|Any CPU
		{2E4A3E5A-0995-46CB-9AA4-41D1C4D13413}.Release|Any CPU.ActiveCfg = Release|Any CPU
		{2E4A3E5A-0995-46CB-9AA4-41D1C4D13413}.Release|Any CPU.Build.0 = Release|Any CPU
		{B3934597-5AAE-4FB4-8277-52B74AF4A18A}.Debug|Any CPU.ActiveCfg = Debug|Any CPU
		{B3934597-5AAE-4FB4-8277-52B74AF4A18A}.Debug|Any CPU.Build.0 = Debug|Any CPU
		{B3934597-5AAE-4FB4-8277-52B74AF4A18A}.Release|Any CPU.ActiveCfg = Release|Any CPU
		{B3934597-5AAE-4FB4-8277-52B74AF4A18A}.Release|Any CPU.Build.0 = Release|Any CPU
		{ACD1CAE7-2EE6-4BE4-BEFF-381D82FF050D}.Debug|Any CPU.ActiveCfg = Debug|Any CPU
		{ACD1CAE7-2EE6-4BE4-BEFF-381D82FF050D}.Debug|Any CPU.Build.0 = Debug|Any CPU
		{ACD1CAE7-2EE6-4BE4-BEFF-381D82FF050D}.Release|Any CPU.ActiveCfg = Release|Any CPU
		{ACD1CAE7-2EE6-4BE4-BEFF-381D82FF050D}.Release|Any CPU.Build.0 = Release|Any CPU
		{607CCFB8-008F-4027-B56C-B81F4980E6CA}.Debug|Any CPU.ActiveCfg = Debug|Any CPU
		{607CCFB8-008F-4027-B56C-B81F4980E6CA}.Debug|Any CPU.Build.0 = Debug|Any CPU
		{607CCFB8-008F-4027-B56C-B81F4980E6CA}.Release|Any CPU.ActiveCfg = Release|Any CPU
		{607CCFB8-008F-4027-B56C-B81F4980E6CA}.Release|Any CPU.Build.0 = Release|Any CPU
		{FA7CFE43-0466-425D-8745-87418F9DF789}.Debug|Any CPU.ActiveCfg = Debug|Any CPU
		{FA7CFE43-0466-425D-8745-87418F9DF789}.Debug|Any CPU.Build.0 = Debug|Any CPU
		{FA7CFE43-0466-425D-8745-87418F9DF789}.Release|Any CPU.ActiveCfg = Release|Any CPU
		{FA7CFE43-0466-425D-8745-87418F9DF789}.Release|Any CPU.Build.0 = Release|Any CPU
	EndGlobalSection
	GlobalSection(SolutionProperties) = preSolution
		HideSolutionNode = FALSE
	EndGlobalSection
	GlobalSection(ExtensibilityGlobals) = postSolution
		SolutionGuid = {A0B808D3-5E52-42EA-BA0A-542B3204D407}
	EndGlobalSection
EndGlobal
